// !$*UTF8*$!
{
	archiveVersion = 1;
	classes = {
	};
	objectVersion = 51;
	objects = {

/* Begin PBXBuildFile section */
		726B3D39262435F50063010A /* PickerData.swift in Sources */ = {isa = PBXBuildFile; fileRef = 726B3D38262435F50063010A /* PickerData.swift */; };
		726B3D3D26243A930063010A /* StartViewModel.swift in Sources */ = {isa = PBXBuildFile; fileRef = 726B3D3C26243A930063010A /* StartViewModel.swift */; };
		726B3D4F262449100063010A /* PostVC.swift in Sources */ = {isa = PBXBuildFile; fileRef = 726B3D4E262449100063010A /* PostVC.swift */; };
		726B3D54262449BB0063010A /* PostView.swift in Sources */ = {isa = PBXBuildFile; fileRef = 726B3D53262449BB0063010A /* PostView.swift */; };
		72A223B3262429C80059B63C /* AppDelegate.swift in Sources */ = {isa = PBXBuildFile; fileRef = 72A223B2262429C80059B63C /* AppDelegate.swift */; };
		72A223B7262429C80059B63C /* StartVC.swift in Sources */ = {isa = PBXBuildFile; fileRef = 72A223B6262429C80059B63C /* StartVC.swift */; };
		72A223BC262429C90059B63C /* Assets.xcassets in Resources */ = {isa = PBXBuildFile; fileRef = 72A223BB262429C90059B63C /* Assets.xcassets */; };
		72A223BF262429C90059B63C /* LaunchScreen.storyboard in Resources */ = {isa = PBXBuildFile; fileRef = 72A223BD262429C90059B63C /* LaunchScreen.storyboard */; };
		72A223DC26242E0B0059B63C /* BaseClass.swift in Sources */ = {isa = PBXBuildFile; fileRef = 72A223DB26242E0B0059B63C /* BaseClass.swift */; };
		72A223E0262430340059B63C /* StartView.swift in Sources */ = {isa = PBXBuildFile; fileRef = 72A223DF262430340059B63C /* StartView.swift */; };
		DCA8DD7E9CCF5423D0560B74 /* Pods_ReduceCollectionView.framework in Frameworks */ = {isa = PBXBuildFile; fileRef = EAFEE006F7527AF5C4099774 /* Pods_ReduceCollectionView.framework */; };
/* End PBXBuildFile section */

/* Begin PBXFileReference section */
		59B537F2D49FEB8F2037179B /* Pods-ReduceCollectionView.release.xcconfig */ = {isa = PBXFileReference; includeInIndex = 1; lastKnownFileType = text.xcconfig; name = "Pods-ReduceCollectionView.release.xcconfig"; path = "Target Support Files/Pods-ReduceCollectionView/Pods-ReduceCollectionView.release.xcconfig"; sourceTree = "<group>"; };
		726B3D38262435F50063010A /* PickerData.swift */ = {isa = PBXFileReference; lastKnownFileType = sourcecode.swift; path = PickerData.swift; sourceTree = "<group>"; };
		726B3D3C26243A930063010A /* StartViewModel.swift */ = {isa = PBXFileReference; lastKnownFileType = sourcecode.swift; path = StartViewModel.swift; sourceTree = "<group>"; };
		726B3D4E262449100063010A /* PostVC.swift */ = {isa = PBXFileReference; lastKnownFileType = sourcecode.swift; path = PostVC.swift; sourceTree = "<group>"; };
		726B3D53262449BB0063010A /* PostView.swift */ = {isa = PBXFileReference; lastKnownFileType = sourcecode.swift; path = PostView.swift; sourceTree = "<group>"; };
		72A223AF262429C80059B63C /* ReduceCollectionView.app */ = {isa = PBXFileReference; explicitFileType = wrapper.application; includeInIndex = 0; path = ReduceCollectionView.app; sourceTree = BUILT_PRODUCTS_DIR; };
		72A223B2262429C80059B63C /* AppDelegate.swift */ = {isa = PBXFileReference; lastKnownFileType = sourcecode.swift; path = AppDelegate.swift; sourceTree = "<group>"; };
		72A223B6262429C80059B63C /* StartVC.swift */ = {isa = PBXFileReference; lastKnownFileType = sourcecode.swift; path = StartVC.swift; sourceTree = "<group>"; };
		72A223BB262429C90059B63C /* Assets.xcassets */ = {isa = PBXFileReference; lastKnownFileType = folder.assetcatalog; path = Assets.xcassets; sourceTree = "<group>"; };
		72A223BE262429C90059B63C /* Base */ = {isa = PBXFileReference; lastKnownFileType = file.storyboard; name = Base; path = Base.lproj/LaunchScreen.storyboard; sourceTree = "<group>"; };
		72A223C0262429C90059B63C /* Info.plist */ = {isa = PBXFileReference; lastKnownFileType = text.plist.xml; path = Info.plist; sourceTree = "<group>"; };
		72A223DB26242E0B0059B63C /* BaseClass.swift */ = {isa = PBXFileReference; lastKnownFileType = sourcecode.swift; path = BaseClass.swift; sourceTree = "<group>"; };
		72A223DF262430340059B63C /* StartView.swift */ = {isa = PBXFileReference; lastKnownFileType = sourcecode.swift; path = StartView.swift; sourceTree = "<group>"; };
		9AA723A783EF42DE5A8C3325 /* Pods-ReduceCollectionView.debug.xcconfig */ = {isa = PBXFileReference; includeInIndex = 1; lastKnownFileType = text.xcconfig; name = "Pods-ReduceCollectionView.debug.xcconfig"; path = "Target Support Files/Pods-ReduceCollectionView/Pods-ReduceCollectionView.debug.xcconfig"; sourceTree = "<group>"; };
		EAFEE006F7527AF5C4099774 /* Pods_ReduceCollectionView.framework */ = {isa = PBXFileReference; explicitFileType = wrapper.framework; includeInIndex = 0; path = Pods_ReduceCollectionView.framework; sourceTree = BUILT_PRODUCTS_DIR; };
/* End PBXFileReference section */

/* Begin PBXFrameworksBuildPhase section */
		72A223AC262429C80059B63C /* Frameworks */ = {
			isa = PBXFrameworksBuildPhase;
			buildActionMask = 2147483647;
			files = (
				DCA8DD7E9CCF5423D0560B74 /* Pods_ReduceCollectionView.framework in Frameworks */,
			);
			runOnlyForDeploymentPostprocessing = 0;
		};
/* End PBXFrameworksBuildPhase section */

/* Begin PBXGroup section */
		726B3D37262434F30063010A /* delegate */ = {
			isa = PBXGroup;
			children = (
				726B3D38262435F50063010A /* PickerData.swift */,
			);
			path = delegate;
			sourceTree = "<group>";
		};
		726B3D4C262448EA0063010A /* postVC */ = {
			isa = PBXGroup;
			children = (
				726B3D4D262448FA0063010A /* New Group */,
				726B3D4E262449100063010A /* PostVC.swift */,
				726B3D53262449BB0063010A /* PostView.swift */,
			);
			path = postVC;
			sourceTree = "<group>";
		};
		726B3D4D262448FA0063010A /* New Group */ = {
			isa = PBXGroup;
			children = (
			);
			path = "New Group";
			sourceTree = "<group>";
		};
		72A223A6262429C80059B63C = {
			isa = PBXGroup;
			children = (
				72A223B1262429C80059B63C /* ReduceCollectionView */,
				72A223B0262429C80059B63C /* Products */,
				87ABD5ED7EB756704E341065 /* Pods */,
				F61053DB20B07D02690E70B7 /* Frameworks */,
			);
			sourceTree = "<group>";
		};
		72A223B0262429C80059B63C /* Products */ = {
			isa = PBXGroup;
			children = (
				72A223AF262429C80059B63C /* ReduceCollectionView.app */,
			);
			name = Products;
			sourceTree = "<group>";
		};
		72A223B1262429C80059B63C /* ReduceCollectionView */ = {
			isa = PBXGroup;
			children = (
				726B3D4C262448EA0063010A /* postVC */,
				72A223DA26242DF50059B63C /* base */,
				72A223D926242DC80059B63C /* startVC */,
				72A223B2262429C80059B63C /* AppDelegate.swift */,
				72A223BB262429C90059B63C /* Assets.xcassets */,
				72A223BD262429C90059B63C /* LaunchScreen.storyboard */,
				72A223C0262429C90059B63C /* Info.plist */,
			);
			path = ReduceCollectionView;
			sourceTree = "<group>";
		};
		72A223D926242DC80059B63C /* startVC */ = {
			isa = PBXGroup;
			children = (
				726B3D37262434F30063010A /* delegate */,
				72A223B6262429C80059B63C /* StartVC.swift */,
				72A223DF262430340059B63C /* StartView.swift */,
				726B3D3C26243A930063010A /* StartViewModel.swift */,
			);
			path = startVC;
			sourceTree = "<group>";
		};
		72A223DA26242DF50059B63C /* base */ = {
			isa = PBXGroup;
			children = (
				72A223DB26242E0B0059B63C /* BaseClass.swift */,
			);
			path = base;
			sourceTree = "<group>";
		};
		87ABD5ED7EB756704E341065 /* Pods */ = {
			isa = PBXGroup;
			children = (
				9AA723A783EF42DE5A8C3325 /* Pods-ReduceCollectionView.debug.xcconfig */,
				59B537F2D49FEB8F2037179B /* Pods-ReduceCollectionView.release.xcconfig */,
			);
			path = Pods;
			sourceTree = "<group>";
		};
		F61053DB20B07D02690E70B7 /* Frameworks */ = {
			isa = PBXGroup;
			children = (
				EAFEE006F7527AF5C4099774 /* Pods_ReduceCollectionView.framework */,
			);
			name = Frameworks;
			sourceTree = "<group>";
		};
/* End PBXGroup section */

/* Begin PBXNativeTarget section */
		72A223AE262429C80059B63C /* ReduceCollectionView */ = {
			isa = PBXNativeTarget;
			buildConfigurationList = 72A223C3262429C90059B63C /* Build configuration list for PBXNativeTarget "ReduceCollectionView" */;
			buildPhases = (
				962D602ADD5970C990EE3166 /* [CP] Check Pods Manifest.lock */,
				72A223AB262429C80059B63C /* Sources */,
				72A223AC262429C80059B63C /* Frameworks */,
				72A223AD262429C80059B63C /* Resources */,
				1D4472C776277712F429C2AE /* [CP] Embed Pods Frameworks */,
			);
			buildRules = (
			);
			dependencies = (
			);
			name = ReduceCollectionView;
			productName = ReduceCollectionView;
			productReference = 72A223AF262429C80059B63C /* ReduceCollectionView.app */;
			productType = "com.apple.product-type.application";
		};
/* End PBXNativeTarget section */

/* Begin PBXProject section */
		72A223A7262429C80059B63C /* Project object */ = {
			isa = PBXProject;
			attributes = {
				LastSwiftUpdateCheck = 1240;
				LastUpgradeCheck = 1240;
				TargetAttributes = {
					72A223AE262429C80059B63C = {
						CreatedOnToolsVersion = 12.4;
					};
				};
			};
			buildConfigurationList = 72A223AA262429C80059B63C /* Build configuration list for PBXProject "ReduceCollectionView" */;
			compatibilityVersion = "Xcode 9.3";
			developmentRegion = en;
			hasScannedForEncodings = 0;
			knownRegions = (
				en,
				Base,
			);
			mainGroup = 72A223A6262429C80059B63C;
			productRefGroup = 72A223B0262429C80059B63C /* Products */;
			projectDirPath = "";
			projectRoot = "";
			targets = (
				72A223AE262429C80059B63C /* ReduceCollectionView */,
			);
		};
/* End PBXProject section */

/* Begin PBXResourcesBuildPhase section */
		72A223AD262429C80059B63C /* Resources */ = {
			isa = PBXResourcesBuildPhase;
			buildActionMask = 2147483647;
			files = (
				72A223BF262429C90059B63C /* LaunchScreen.storyboard in Resources */,
				72A223BC262429C90059B63C /* Assets.xcassets in Resources */,
			);
			runOnlyForDeploymentPostprocessing = 0;
		};
/* End PBXResourcesBuildPhase section */

/* Begin PBXShellScriptBuildPhase section */
		1D4472C776277712F429C2AE /* [CP] Embed Pods Frameworks */ = {
			isa = PBXShellScriptBuildPhase;
			buildActionMask = 2147483647;
			files = (
			);
			inputFileListPaths = (
				"${PODS_ROOT}/Target Support Files/Pods-ReduceCollectionView/Pods-ReduceCollectionView-frameworks-${CONFIGURATION}-input-files.xcfilelist",
			);
			name = "[CP] Embed Pods Frameworks";
			outputFileListPaths = (
				"${PODS_ROOT}/Target Support Files/Pods-ReduceCollectionView/Pods-ReduceCollectionView-frameworks-${CONFIGURATION}-output-files.xcfilelist",
			);
			runOnlyForDeploymentPostprocessing = 0;
			shellPath = /bin/sh;
			shellScript = "\"${PODS_ROOT}/Target Support Files/Pods-ReduceCollectionView/Pods-ReduceCollectionView-frameworks.sh\"\n";
			showEnvVarsInLog = 0;
		};
		962D602ADD5970C990EE3166 /* [CP] Check Pods Manifest.lock */ = {
			isa = PBXShellScriptBuildPhase;
			buildActionMask = 2147483647;
			files = (
			);
			inputFileListPaths = (
			);
			inputPaths = (
				"${PODS_PODFILE_DIR_PATH}/Podfile.lock",
				"${PODS_ROOT}/Manifest.lock",
			);
			name = "[CP] Check Pods Manifest.lock";
			outputFileListPaths = (
			);
			outputPaths = (
				"$(DERIVED_FILE_DIR)/Pods-ReduceCollectionView-checkManifestLockResult.txt",
			);
			runOnlyForDeploymentPostprocessing = 0;
			shellPath = /bin/sh;
			shellScript = "diff \"${PODS_PODFILE_DIR_PATH}/Podfile.lock\" \"${PODS_ROOT}/Manifest.lock\" > /dev/null\nif [ $? != 0 ] ; then\n    # print error to STDERR\n    echo \"error: The sandbox is not in sync with the Podfile.lock. Run 'pod install' or update your CocoaPods installation.\" >&2\n    exit 1\nfi\n# This output is used by Xcode 'outputs' to avoid re-running this script phase.\necho \"SUCCESS\" > \"${SCRIPT_OUTPUT_FILE_0}\"\n";
			showEnvVarsInLog = 0;
		};
/* End PBXShellScriptBuildPhase section */

/* Begin PBXSourcesBuildPhase section */
		72A223AB262429C80059B63C /* Sources */ = {
			isa = PBXSourcesBuildPhase;
			buildActionMask = 2147483647;
			files = (
				72A223B7262429C80059B63C /* StartVC.swift in Sources */,
				726B3D3D26243A930063010A /* StartViewModel.swift in Sources */,
				726B3D54262449BB0063010A /* PostView.swift in Sources */,
				726B3D4F262449100063010A /* PostVC.swift in Sources */,
				726B3D39262435F50063010A /* PickerData.swift in Sources */,
				72A223DC26242E0B0059B63C /* BaseClass.swift in Sources */,
				72A223B3262429C80059B63C /* AppDelegate.swift in Sources */,
				72A223E0262430340059B63C /* StartView.swift in Sources */,
			);
			runOnlyForDeploymentPostprocessing = 0;
		};
/* End PBXSourcesBuildPhase section */

/* Begin PBXVariantGroup section */
		72A223BD262429C90059B63C /* LaunchScreen.storyboard */ = {
			isa = PBXVariantGroup;
			children = (
				72A223BE262429C90059B63C /* Base */,
			);
			name = LaunchScreen.storyboard;
			sourceTree = "<group>";
		};
/* End PBXVariantGroup section */

/* Begin XCBuildConfiguration section */
		72A223C1262429C90059B63C /* Debug */ = {
			isa = XCBuildConfiguration;
			buildSettings = {
				ALWAYS_SEARCH_USER_PATHS = NO;
				CLANG_ANALYZER_NONNULL = YES;
				CLANG_ANALYZER_NUMBER_OBJECT_CONVERSION = YES_AGGRESSIVE;
				CLANG_CXX_LANGUAGE_STANDARD = "gnu++14";
				CLANG_CXX_LIBRARY = "libc++";
				CLANG_ENABLE_MODULES = YES;
				CLANG_ENABLE_OBJC_ARC = YES;
				CLANG_ENABLE_OBJC_WEAK = YES;
				CLANG_WARN_BLOCK_CAPTURE_AUTORELEASING = YES;
				CLANG_WARN_BOOL_CONVERSION = YES;
				CLANG_WARN_COMMA = YES;
				CLANG_WARN_CONSTANT_CONVERSION = YES;
				CLANG_WARN_DEPRECATED_OBJC_IMPLEMENTATIONS = YES;
				CLANG_WARN_DIRECT_OBJC_ISA_USAGE = YES_ERROR;
				CLANG_WARN_DOCUMENTATION_COMMENTS = YES;
				CLANG_WARN_EMPTY_BODY = YES;
				CLANG_WARN_ENUM_CONVERSION = YES;
				CLANG_WARN_INFINITE_RECURSION = YES;
				CLANG_WARN_INT_CONVERSION = YES;
				CLANG_WARN_NON_LITERAL_NULL_CONVERSION = YES;
				CLANG_WARN_OBJC_IMPLICIT_RETAIN_SELF = YES;
				CLANG_WARN_OBJC_LITERAL_CONVERSION = YES;
				CLANG_WARN_OBJC_ROOT_CLASS = YES_ERROR;
				CLANG_WARN_QUOTED_INCLUDE_IN_FRAMEWORK_HEADER = YES;
				CLANG_WARN_RANGE_LOOP_ANALYSIS = YES;
				CLANG_WARN_STRICT_PROTOTYPES = YES;
				CLANG_WARN_SUSPICIOUS_MOVE = YES;
				CLANG_WARN_UNGUARDED_AVAILABILITY = YES_AGGRESSIVE;
				CLANG_WARN_UNREACHABLE_CODE = YES;
				CLANG_WARN__DUPLICATE_METHOD_MATCH = YES;
				COPY_PHASE_STRIP = NO;
				DEBUG_INFORMATION_FORMAT = dwarf;
				ENABLE_STRICT_OBJC_MSGSEND = YES;
				ENABLE_TESTABILITY = YES;
				GCC_C_LANGUAGE_STANDARD = gnu11;
				GCC_DYNAMIC_NO_PIC = NO;
				GCC_NO_COMMON_BLOCKS = YES;
				GCC_OPTIMIZATION_LEVEL = 0;
				GCC_PREPROCESSOR_DEFINITIONS = (
					"DEBUG=1",
					"$(inherited)",
				);
				GCC_WARN_64_TO_32_BIT_CONVERSION = YES;
				GCC_WARN_ABOUT_RETURN_TYPE = YES_ERROR;
				GCC_WARN_UNDECLARED_SELECTOR = YES;
				GCC_WARN_UNINITIALIZED_AUTOS = YES_AGGRESSIVE;
				GCC_WARN_UNUSED_FUNCTION = YES;
				GCC_WARN_UNUSED_VARIABLE = YES;
				IPHONEOS_DEPLOYMENT_TARGET = 14.4;
				MTL_ENABLE_DEBUG_INFO = INCLUDE_SOURCE;
				MTL_FAST_MATH = YES;
				ONLY_ACTIVE_ARCH = YES;
				SDKROOT = iphoneos;
				SWIFT_ACTIVE_COMPILATION_CONDITIONS = DEBUG;
				SWIFT_OPTIMIZATION_LEVEL = "-Onone";
			};
			name = Debug;
		};
		72A223C2262429C90059B63C /* Release */ = {
			isa = XCBuildConfiguration;
			buildSettings = {
				ALWAYS_SEARCH_USER_PATHS = NO;
				CLANG_ANALYZER_NONNULL = YES;
				CLANG_ANALYZER_NUMBER_OBJECT_CONVERSION = YES_AGGRESSIVE;
				CLANG_CXX_LANGUAGE_STANDARD = "gnu++14";
				CLANG_CXX_LIBRARY = "libc++";
				CLANG_ENABLE_MODULES = YES;
				CLANG_ENABLE_OBJC_ARC = YES;
				CLANG_ENABLE_OBJC_WEAK = YES;
				CLANG_WARN_BLOCK_CAPTURE_AUTORELEASING = YES;
				CLANG_WARN_BOOL_CONVERSION = YES;
				CLANG_WARN_COMMA = YES;
				CLANG_WARN_CONSTANT_CONVERSION = YES;
				CLANG_WARN_DEPRECATED_OBJC_IMPLEMENTATIONS = YES;
				CLANG_WARN_DIRECT_OBJC_ISA_USAGE = YES_ERROR;
				CLANG_WARN_DOCUMENTATION_COMMENTS = YES;
				CLANG_WARN_EMPTY_BODY = YES;
				CLANG_WARN_ENUM_CONVERSION = YES;
				CLANG_WARN_INFINITE_RECURSION = YES;
				CLANG_WARN_INT_CONVERSION = YES;
				CLANG_WARN_NON_LITERAL_NULL_CONVERSION = YES;
				CLANG_WARN_OBJC_IMPLICIT_RETAIN_SELF = YES;
				CLANG_WARN_OBJC_LITERAL_CONVERSION = YES;
				CLANG_WARN_OBJC_ROOT_CLASS = YES_ERROR;
				CLANG_WARN_QUOTED_INCLUDE_IN_FRAMEWORK_HEADER = YES;
				CLANG_WARN_RANGE_LOOP_ANALYSIS = YES;
				CLANG_WARN_STRICT_PROTOTYPES = YES;
				CLANG_WARN_SUSPICIOUS_MOVE = YES;
				CLANG_WARN_UNGUARDED_AVAILABILITY = YES_AGGRESSIVE;
				CLANG_WARN_UNREACHABLE_CODE = YES;
				CLANG_WARN__DUPLICATE_METHOD_MATCH = YES;
				COPY_PHASE_STRIP = NO;
				DEBUG_INFORMATION_FORMAT = "dwarf-with-dsym";
				ENABLE_NS_ASSERTIONS = NO;
				ENABLE_STRICT_OBJC_MSGSEND = YES;
				GCC_C_LANGUAGE_STANDARD = gnu11;
				GCC_NO_COMMON_BLOCKS = YES;
				GCC_WARN_64_TO_32_BIT_CONVERSION = YES;
				GCC_WARN_ABOUT_RETURN_TYPE = YES_ERROR;
				GCC_WARN_UNDECLARED_SELECTOR = YES;
				GCC_WARN_UNINITIALIZED_AUTOS = YES_AGGRESSIVE;
				GCC_WARN_UNUSED_FUNCTION = YES;
				GCC_WARN_UNUSED_VARIABLE = YES;
				IPHONEOS_DEPLOYMENT_TARGET = 14.4;
				MTL_ENABLE_DEBUG_INFO = NO;
				MTL_FAST_MATH = YES;
				SDKROOT = iphoneos;
				SWIFT_COMPILATION_MODE = wholemodule;
				SWIFT_OPTIMIZATION_LEVEL = "-O";
				VALIDATE_PRODUCT = YES;
			};
			name = Release;
		};
		72A223C4262429C90059B63C /* Debug */ = {
			isa = XCBuildConfiguration;
			baseConfigurationReference = 9AA723A783EF42DE5A8C3325 /* Pods-ReduceCollectionView.debug.xcconfig */;
			buildSettings = {
				ASSETCATALOG_COMPILER_APPICON_NAME = AppIcon;
				ASSETCATALOG_COMPILER_GLOBAL_ACCENT_COLOR_NAME = AccentColor;
				CODE_SIGN_STYLE = Automatic;
				DEVELOPMENT_TEAM = LHMNAPQ6N7;
				INFOPLIST_FILE = ReduceCollectionView/Info.plist;
				LD_RUNPATH_SEARCH_PATHS = (
					"$(inherited)",
					"@executable_path/Frameworks",
				);
				PRODUCT_BUNDLE_IDENTIFIER = practice.ReduceCollectionView;
				PRODUCT_NAME = "$(TARGET_NAME)";
				SWIFT_VERSION = 5.0;
				TARGETED_DEVICE_FAMILY = "1,2";
			};
			name = Debug;
		};
		72A223C5262429C90059B63C /* Release */ = {
			isa = XCBuildConfiguration;
			baseConfigurationReference = 59B537F2D49FEB8F2037179B /* Pods-ReduceCollectionView.release.xcconfig */;
			buildSettings = {
				ASSETCATALOG_COMPILER_APPICON_NAME = AppIcon;
				ASSETCATALOG_COMPILER_GLOBAL_ACCENT_COLOR_NAME = AccentColor;
				CODE_SIGN_STYLE = Automatic;
				DEVELOPMENT_TEAM = LHMNAPQ6N7;
				INFOPLIST_FILE = ReduceCollectionView/Info.plist;
				LD_RUNPATH_SEARCH_PATHS = (
					"$(inherited)",
					"@executable_path/Frameworks",
				);
				PRODUCT_BUNDLE_IDENTIFIER = practice.ReduceCollectionView;
				PRODUCT_NAME = "$(TARGET_NAME)";
				SWIFT_VERSION = 5.0;
				TARGETED_DEVICE_FAMILY = "1,2";
			};
			name = Release;
		};
/* End XCBuildConfiguration section */

/* Begin XCConfigurationList section */
		72A223AA262429C80059B63C /* Build configuration list for PBXProject "ReduceCollectionView" */ = {
			isa = XCConfigurationList;
			buildConfigurations = (
				72A223C1262429C90059B63C /* Debug */,
				72A223C2262429C90059B63C /* Release */,
			);
			defaultConfigurationIsVisible = 0;
			defaultConfigurationName = Release;
		};
		72A223C3262429C90059B63C /* Build configuration list for PBXNativeTarget "ReduceCollectionView" */ = {
			isa = XCConfigurationList;
			buildConfigurations = (
				72A223C4262429C90059B63C /* Debug */,
				72A223C5262429C90059B63C /* Release */,
			);
			defaultConfigurationIsVisible = 0;
			defaultConfigurationName = Release;
		};
/* End XCConfigurationList section */
	};
	rootObject = 72A223A7262429C80059B63C /* Project object */;
}
